github.com/TonyLe02/funtemps v0.0.0-20230307132636-69046bff8a11 h1:y+QuUsGLyiILeFgZ5XJ+CxbQs1DGst9R60D8OT5I4cc=
github.com/TonyLe02/funtemps v0.0.0-20230307132636-69046bff8a11/go.mod h1:Vv3lP05NmaLnDvHT/Yu7xR13VSjeISG+94maTN6M5Wk=
github.com/TonyLe02/is105sem03 v0.0.0-20230421082338-75ece7d74359 h1:YNnTFm99x9KTnczHW686rk7UpXjtVwueXRa+FYXEvOg=
github.com/TonyLe02/is105sem03 v0.0.0-20230421082338-75ece7d74359/go.mod h1:jVPTRIiu28Ir29/xD9n6SivF0mGmxm95E7sq6m0K9J4=
github.com/TonyLe02/is105sem03 v0.0.0-20230424075801-410d296da095 h1:FNcWI1fHteLwsrEIvxyOJY5HoBXaC1T0i00TLoVJtuk=
github.com/TonyLe02/is105sem03 v0.0.0-20230424075801-410d296da095/go.mod h1:jVPTRIiu28Ir29/xD9n6SivF0mGmxm95E7sq6m0K9J4=
